
Microsoft Visual Studio Solution File, Format Version 11.00
# Visual Studio 2010
# SharpDevelop 5.1
Project("{FAE04EC0-301F-11D3-BF4B-00C04F79EFBC}") = "musicWPF", "musicWPF\musicWPF.csproj", "{64AB9914-1582-48EF-92CB-D486957C515B}"
EndProject
Global
	GlobalSection(SolutionConfigurationPlatforms) = preSolution
		Debug|Any CPU = Debug|Any CPU
		Release|Any CPU = Release|Any CPU
	EndGlobalSection
	GlobalSection(ProjectConfigurationPlatforms) = postSolution
		{64AB9914-1582-48EF-92CB-D486957C515B}.Debug|Any CPU.ActiveCfg = Debug|Any CPU
		{64AB9914-1582-48EF-92CB-D486957C515B}.Debug|Any CPU.Build.0 = Debug|Any CPU
		{64AB9914-1582-48EF-92CB-D486957C515B}.Release|Any CPU.ActiveCfg = Release|Any CPU
		{64AB9914-1582-48EF-92CB-D486957C515B}.Release|Any CPU.Build.0 = Release|Any CPU
	EndGlobalSection
EndGlobal
